
Microsoft Visual Studio Solution File, Format Version 12.00
# Visual Studio Version 17
VisualStudioVersion = 17.9.34622.214
MinimumVisualStudioVersion = 10.0.40219.1
Project("{8BC9CEB8-8B4A-11D0-8D11-00A0C91BC942}") = "pathfinding_demo", "pathfinding_demo.vcxproj", "{E14D159C-08E1-46E4-BD63-6157EDBC70DC}"
EndProject
Project("{8BC9CEB8-8B4A-11D0-8D11-00A0C91BC942}") = "SDL3", "..\SDL\VisualC\SDL\SDL.vcxproj", "{81CE8DAF-EBB2-4761-8E45-B71ABCCA8C68}"
EndProject
Project("{8BC9CEB8-8B4A-11D0-8D11-00A0C91BC942}") = "glew_static", "..\glew\build\vc15\glew_static.vcxproj", "{664E6F0D-6784-4760-9565-D54F8EB1EDF4}"
EndProject
Project("{8BC9CEB8-8B4A-11D0-8D11-00A0C91BC942}") = "SDL3_image", "..\SDL_image\VisualC\SDL_image.vcxproj", "{2BD5534E-00E2-4BEA-AC96-D9A92EA24696}"
EndProject
Global
	GlobalSection(SolutionConfigurationPlatforms) = preSolution
		Debug|x64 = Debug|x64
		Debug|x86 = Debug|x86
		Release|x64 = Release|x64
		Release|x86 = Release|x86
	EndGlobalSection
	GlobalSection(ProjectConfigurationPlatforms) = postSolution
		{E14D159C-08E1-46E4-BD63-6157EDBC70DC}.Debug|x64.ActiveCfg = Debug|x64
		{E14D159C-08E1-46E4-BD63-6157EDBC70DC}.Debug|x64.Build.0 = Debug|x64
		{E14D159C-08E1-46E4-BD63-6157EDBC70DC}.Debug|x86.ActiveCfg = Debug|Win32
		{E14D159C-08E1-46E4-BD63-6157EDBC70DC}.Debug|x86.Build.0 = Debug|Win32
		{E14D159C-08E1-46E4-BD63-6157EDBC70DC}.Release|x64.ActiveCfg = Release|x64
		{E14D159C-08E1-46E4-BD63-6157EDBC70DC}.Release|x64.Build.0 = Release|x64
		{E14D159C-08E1-46E4-BD63-6157EDBC70DC}.Release|x86.ActiveCfg = Release|Win32
		{E14D159C-08E1-46E4-BD63-6157EDBC70DC}.Release|x86.Build.0 = Release|Win32
		{81CE8DAF-EBB2-4761-8E45-B71ABCCA8C68}.Debug|x64.ActiveCfg = Debug|x64
		{81CE8DAF-EBB2-4761-8E45-B71ABCCA8C68}.Debug|x64.Build.0 = Debug|x64
		{81CE8DAF-EBB2-4761-8E45-B71ABCCA8C68}.Debug|x86.ActiveCfg = Debug|Win32
		{81CE8DAF-EBB2-4761-8E45-B71ABCCA8C68}.Debug|x86.Build.0 = Debug|Win32
		{81CE8DAF-EBB2-4761-8E45-B71ABCCA8C68}.Release|x64.ActiveCfg = Release|x64
		{81CE8DAF-EBB2-4761-8E45-B71ABCCA8C68}.Release|x64.Build.0 = Release|x64
		{81CE8DAF-EBB2-4761-8E45-B71ABCCA8C68}.Release|x86.ActiveCfg = Release|Win32
		{81CE8DAF-EBB2-4761-8E45-B71ABCCA8C68}.Release|x86.Build.0 = Release|Win32
		{664E6F0D-6784-4760-9565-D54F8EB1EDF4}.Debug|x64.ActiveCfg = Debug|x64
		{664E6F0D-6784-4760-9565-D54F8EB1EDF4}.Debug|x64.Build.0 = Debug|x64
		{664E6F0D-6784-4760-9565-D54F8EB1EDF4}.Debug|x86.ActiveCfg = Debug|Win32
		{664E6F0D-6784-4760-9565-D54F8EB1EDF4}.Debug|x86.Build.0 = Debug|Win32
		{664E6F0D-6784-4760-9565-D54F8EB1EDF4}.Release|x64.ActiveCfg = Release|x64
		{664E6F0D-6784-4760-9565-D54F8EB1EDF4}.Release|x64.Build.0 = Release|x64
		{664E6F0D-6784-4760-9565-D54F8EB1EDF4}.Release|x86.ActiveCfg = Release|Win32
		{664E6F0D-6784-4760-9565-D54F8EB1EDF4}.Release|x86.Build.0 = Release|Win32
		{2BD5534E-00E2-4BEA-AC96-D9A92EA24696}.Debug|x64.ActiveCfg = Debug|x64
		{2BD5534E-00E2-4BEA-AC96-D9A92EA24696}.Debug|x64.Build.0 = Debug|x64
		{2BD5534E-00E2-4BEA-AC96-D9A92EA24696}.Debug|x86.ActiveCfg = Debug|Win32
		{2BD5534E-00E2-4BEA-AC96-D9A92EA24696}.Debug|x86.Build.0 = Debug|Win32
		{2BD5534E-00E2-4BEA-AC96-D9A92EA24696}.Release|x64.ActiveCfg = Release|x64
		{2BD5534E-00E2-4BEA-AC96-D9A92EA24696}.Release|x64.Build.0 = Release|x64
		{2BD5534E-00E2-4BEA-AC96-D9A92EA24696}.Release|x86.ActiveCfg = Release|Win32
		{2BD5534E-00E2-4BEA-AC96-D9A92EA24696}.Release|x86.Build.0 = Release|Win32
	EndGlobalSection
	GlobalSection(SolutionProperties) = preSolution
		HideSolutionNode = FALSE
	EndGlobalSection
	GlobalSection(ExtensibilityGlobals) = postSolution
		SolutionGuid = {7CCA451E-D4BA-48B4-AAD0-8AC02333FD9D}
	EndGlobalSection
EndGlobal
